
Microsoft Visual Studio Solution File, Format Version 12.00
# Visual Studio Version 17
VisualStudioVersion = 17.6.33829.357
MinimumVisualStudioVersion = 10.0.40219.1
Project("{9A19103F-16F7-4668-BE54-9A1E7A4F7556}") = "BlazorApp-R0294410", "BlazorApp-R0294410.csproj", "{09B45B2E-6BBC-45FC-A81E-A457CB3A2467}"
EndProject
Global
	GlobalSection(SolutionConfigurationPlatforms) = preSolution
		Debug|Any CPU = Debug|Any CPU
		Release|Any CPU = Release|Any CPU
	EndGlobalSection
	GlobalSection(ProjectConfigurationPlatforms) = postSolution
		{09B45B2E-6BBC-45FC-A81E-A457CB3A2467}.Debug|Any CPU.ActiveCfg = Debug|Any CPU
		{09B45B2E-6BBC-45FC-A81E-A457CB3A2467}.Debug|Any CPU.Build.0 = Debug|Any CPU
		{09B45B2E-6BBC-45FC-A81E-A457CB3A2467}.Release|Any CPU.ActiveCfg = Release|Any CPU
		{09B45B2E-6BBC-45FC-A81E-A457CB3A2467}.Release|Any CPU.Build.0 = Release|Any CPU
	EndGlobalSection
	GlobalSection(SolutionProperties) = preSolution
		HideSolutionNode = FALSE
	EndGlobalSection
	GlobalSection(ExtensibilityGlobals) = postSolution
		SolutionGuid = {DE57C374-A636-45DD-92F0-3E75F2638E8A}
	EndGlobalSection
EndGlobal
